// !$*UTF8*$!
{
	archiveVersion = 1;
	classes = {
	};
	objectVersion = 46;
	objects = {

/* Begin PBXBuildFile section */
		037EACD0671322EDAC5676F2 /* Pods_TimeAccountingProject.framework in Frameworks */ = {isa = PBXBuildFile; fileRef = 40BB2EE937CA3920196739B2 /* Pods_TimeAccountingProject.framework */; };
		C1B434A11EDE957F00429C84 /* ChartViewController.swift in Sources */ = {isa = PBXBuildFile; fileRef = C1B4349D1EDE957F00429C84 /* ChartViewController.swift */; };
		C1B434A21EDE957F00429C84 /* ChartViewController.xib in Resources */ = {isa = PBXBuildFile; fileRef = C1B4349E1EDE957F00429C84 /* ChartViewController.xib */; };
		C1B434A81EDE959E00429C84 /* TakeNotesViewController.swift in Sources */ = {isa = PBXBuildFile; fileRef = C1B434A71EDE959E00429C84 /* TakeNotesViewController.swift */; };
		C1B434AC1EDE96FB00429C84 /* TADatabaseMethod.swift in Sources */ = {isa = PBXBuildFile; fileRef = C1B434AB1EDE96FB00429C84 /* TADatabaseMethod.swift */; };
		C1B434AE1EDE971200429C84 /* TANavigationViewController.swift in Sources */ = {isa = PBXBuildFile; fileRef = C1B434AD1EDE971200429C84 /* TANavigationViewController.swift */; };
		C1B434B01EDEA97100429C84 /* Student.swift in Sources */ = {isa = PBXBuildFile; fileRef = C1B434AF1EDEA97100429C84 /* Student.swift */; };
		C1B434B21EDEA9DB00429C84 /* TASQLLiteManager.swift in Sources */ = {isa = PBXBuildFile; fileRef = C1B434B11EDEA9DB00429C84 /* TASQLLiteManager.swift */; };
		C1F3A0091ED5300C00B6A131 /* AppDelegate.swift in Sources */ = {isa = PBXBuildFile; fileRef = C1F3A0081ED5300C00B6A131 /* AppDelegate.swift */; };
		C1F3A00E1ED5300C00B6A131 /* Main.storyboard in Resources */ = {isa = PBXBuildFile; fileRef = C1F3A00C1ED5300C00B6A131 /* Main.storyboard */; };
		C1F3A0131ED5300C00B6A131 /* LaunchScreen.storyboard in Resources */ = {isa = PBXBuildFile; fileRef = C1F3A0111ED5300C00B6A131 /* LaunchScreen.storyboard */; };
		C1F3A0921ED6BF4700B6A131 /* Assets.xcassets in Resources */ = {isa = PBXBuildFile; fileRef = C1F3A0911ED6BF4700B6A131 /* Assets.xcassets */; };
/* End PBXBuildFile section */

/* Begin PBXFileReference section */
		17A763D44EEFE19204E717C8 /* Pods-TimeAccountingProjectTests.debug.xcconfig */ = {isa = PBXFileReference; includeInIndex = 1; lastKnownFileType = text.xcconfig; name = "Pods-TimeAccountingProjectTests.debug.xcconfig"; path = "Pods/Target Support Files/Pods-TimeAccountingProjectTests/Pods-TimeAccountingProjectTests.debug.xcconfig"; sourceTree = "<group>"; };
		1D81FA8EFA7A5AE98CE95A7F /* Pods_TimeAccountingProjectUITests.framework */ = {isa = PBXFileReference; explicitFileType = wrapper.framework; includeInIndex = 0; path = Pods_TimeAccountingProjectUITests.framework; sourceTree = BUILT_PRODUCTS_DIR; };
		40BB2EE937CA3920196739B2 /* Pods_TimeAccountingProject.framework */ = {isa = PBXFileReference; explicitFileType = wrapper.framework; includeInIndex = 0; path = Pods_TimeAccountingProject.framework; sourceTree = BUILT_PRODUCTS_DIR; };
		4A9C7DF4DF7748809367F360 /* Pods_TimeAccountingProject_TimeAccountingProjectTests.framework */ = {isa = PBXFileReference; explicitFileType = wrapper.framework; includeInIndex = 0; path = Pods_TimeAccountingProject_TimeAccountingProjectTests.framework; sourceTree = BUILT_PRODUCTS_DIR; };
		83C5B9357C865807E96511FE /* Pods-TimeAccountingProjectUITests.release.xcconfig */ = {isa = PBXFileReference; includeInIndex = 1; lastKnownFileType = text.xcconfig; name = "Pods-TimeAccountingProjectUITests.release.xcconfig"; path = "Pods/Target Support Files/Pods-TimeAccountingProjectUITests/Pods-TimeAccountingProjectUITests.release.xcconfig"; sourceTree = "<group>"; };
		979B629A8894757F86DCBFC4 /* Pods-TimeAccountingProjectTests.release.xcconfig */ = {isa = PBXFileReference; includeInIndex = 1; lastKnownFileType = text.xcconfig; name = "Pods-TimeAccountingProjectTests.release.xcconfig"; path = "Pods/Target Support Files/Pods-TimeAccountingProjectTests/Pods-TimeAccountingProjectTests.release.xcconfig"; sourceTree = "<group>"; };
		9D493BA9E36E27C34841194D /* Pods-TimeAccountingProject.release.xcconfig */ = {isa = PBXFileReference; includeInIndex = 1; lastKnownFileType = text.xcconfig; name = "Pods-TimeAccountingProject.release.xcconfig"; path = "Pods/Target Support Files/Pods-TimeAccountingProject/Pods-TimeAccountingProject.release.xcconfig"; sourceTree = "<group>"; };
		A28975DC0D90F12F65CA2F10 /* Pods_TimeAccountingProject_TimeAccountingProjectUITests.framework */ = {isa = PBXFileReference; explicitFileType = wrapper.framework; includeInIndex = 0; path = Pods_TimeAccountingProject_TimeAccountingProjectUITests.framework; sourceTree = BUILT_PRODUCTS_DIR; };
		B8FDCD3AED54E017CC93B882 /* Pods-TimeAccountingProject.debug.xcconfig */ = {isa = PBXFileReference; includeInIndex = 1; lastKnownFileType = text.xcconfig; name = "Pods-TimeAccountingProject.debug.xcconfig"; path = "Pods/Target Support Files/Pods-TimeAccountingProject/Pods-TimeAccountingProject.debug.xcconfig"; sourceTree = "<group>"; };
		C1B4349D1EDE957F00429C84 /* ChartViewController.swift */ = {isa = PBXFileReference; fileEncoding = 4; lastKnownFileType = sourcecode.swift; path = ChartViewController.swift; sourceTree = "<group>"; };
		C1B4349E1EDE957F00429C84 /* ChartViewController.xib */ = {isa = PBXFileReference; fileEncoding = 4; lastKnownFileType = file.xib; path = ChartViewController.xib; sourceTree = "<group>"; };
		C1B434A71EDE959E00429C84 /* TakeNotesViewController.swift */ = {isa = PBXFileReference; fileEncoding = 4; lastKnownFileType = sourcecode.swift; path = TakeNotesViewController.swift; sourceTree = "<group>"; };
		C1B434AB1EDE96FB00429C84 /* TADatabaseMethod.swift */ = {isa = PBXFileReference; fileEncoding = 4; lastKnownFileType = sourcecode.swift; path = TADatabaseMethod.swift; sourceTree = "<group>"; };
		C1B434AD1EDE971200429C84 /* TANavigationViewController.swift */ = {isa = PBXFileReference; fileEncoding = 4; lastKnownFileType = sourcecode.swift; path = TANavigationViewController.swift; sourceTree = "<group>"; };
		C1B434AF1EDEA97100429C84 /* Student.swift */ = {isa = PBXFileReference; fileEncoding = 4; lastKnownFileType = sourcecode.swift; path = Student.swift; sourceTree = "<group>"; };
		C1B434B11EDEA9DB00429C84 /* TASQLLiteManager.swift */ = {isa = PBXFileReference; fileEncoding = 4; lastKnownFileType = sourcecode.swift; path = TASQLLiteManager.swift; sourceTree = "<group>"; };
		C1F3A0051ED5300C00B6A131 /* TimeAccountingProject.app */ = {isa = PBXFileReference; explicitFileType = wrapper.application; includeInIndex = 0; path = TimeAccountingProject.app; sourceTree = BUILT_PRODUCTS_DIR; };
		C1F3A0081ED5300C00B6A131 /* AppDelegate.swift */ = {isa = PBXFileReference; lastKnownFileType = sourcecode.swift; name = AppDelegate.swift; path = ../../AppDelegate.swift; sourceTree = "<group>"; };
		C1F3A00D1ED5300C00B6A131 /* Base */ = {isa = PBXFileReference; lastKnownFileType = file.storyboard; name = Base; path = Base.lproj/Main.storyboard; sourceTree = "<group>"; };
		C1F3A0121ED5300C00B6A131 /* Base */ = {isa = PBXFileReference; lastKnownFileType = file.storyboard; name = Base; path = Base.lproj/LaunchScreen.storyboard; sourceTree = "<group>"; };
		C1F3A0141ED5300C00B6A131 /* Info.plist */ = {isa = PBXFileReference; lastKnownFileType = text.plist.xml; name = Info.plist; path = ../Info.plist; sourceTree = "<group>"; };
		C1F3A0911ED6BF4700B6A131 /* Assets.xcassets */ = {isa = PBXFileReference; lastKnownFileType = folder.assetcatalog; path = Assets.xcassets; sourceTree = "<group>"; };
		C4E158D38A65608299994848 /* Pods_TimeAccountingProjectTests.framework */ = {isa = PBXFileReference; explicitFileType = wrapper.framework; includeInIndex = 0; path = Pods_TimeAccountingProjectTests.framework; sourceTree = BUILT_PRODUCTS_DIR; };
		D1CE9B02E7363B47AECC06A1 /* Pods-TimeAccountingProjectUITests.debug.xcconfig */ = {isa = PBXFileReference; includeInIndex = 1; lastKnownFileType = text.xcconfig; name = "Pods-TimeAccountingProjectUITests.debug.xcconfig"; path = "Pods/Target Support Files/Pods-TimeAccountingProjectUITests/Pods-TimeAccountingProjectUITests.debug.xcconfig"; sourceTree = "<group>"; };
/* End PBXFileReference section */

/* Begin PBXFrameworksBuildPhase section */
		C1F3A0021ED5300C00B6A131 /* Frameworks */ = {
			isa = PBXFrameworksBuildPhase;
			buildActionMask = 2147483647;
			files = (
				037EACD0671322EDAC5676F2 /* Pods_TimeAccountingProject.framework in Frameworks */,
			);
			runOnlyForDeploymentPostprocessing = 0;
		};
/* End PBXFrameworksBuildPhase section */

/* Begin PBXGroup section */
		17A9BB20E2C4A36D28BA95BB /* Frameworks */ = {
			isa = PBXGroup;
			children = (
				40BB2EE937CA3920196739B2 /* Pods_TimeAccountingProject.framework */,
				C4E158D38A65608299994848 /* Pods_TimeAccountingProjectTests.framework */,
				1D81FA8EFA7A5AE98CE95A7F /* Pods_TimeAccountingProjectUITests.framework */,
				4A9C7DF4DF7748809367F360 /* Pods_TimeAccountingProject_TimeAccountingProjectTests.framework */,
				A28975DC0D90F12F65CA2F10 /* Pods_TimeAccountingProject_TimeAccountingProjectUITests.framework */,
			);
			name = Frameworks;
			sourceTree = "<group>";
		};
		C1B4349C1EDE957F00429C84 /* Controller */ = {
			isa = PBXGroup;
			children = (
				C1B4349D1EDE957F00429C84 /* ChartViewController.swift */,
				C1B4349E1EDE957F00429C84 /* ChartViewController.xib */,
			);
			path = Controller;
			sourceTree = "<group>";
		};
		C1B4349F1EDE957F00429C84 /* Model */ = {
			isa = PBXGroup;
			children = (
			);
			path = Model;
			sourceTree = "<group>";
		};
		C1B434A01EDE957F00429C84 /* View */ = {
			isa = PBXGroup;
			children = (
			);
			path = View;
			sourceTree = "<group>";
		};
		C1B434A31EDE958400429C84 /* TakeNotes */ = {
			isa = PBXGroup;
			children = (
				C1B434A41EDE958400429C84 /* Controller */,
				C1B434A51EDE958400429C84 /* Model */,
				C1B434A61EDE958400429C84 /* View */,
			);
			path = TakeNotes;
			sourceTree = "<group>";
		};
		C1B434A41EDE958400429C84 /* Controller */ = {
			isa = PBXGroup;
			children = (
				C1B434A71EDE959E00429C84 /* TakeNotesViewController.swift */,
			);
			path = Controller;
			sourceTree = "<group>";
		};
		C1B434A51EDE958400429C84 /* Model */ = {
			isa = PBXGroup;
			children = (
				C1B434AF1EDEA97100429C84 /* Student.swift */,
				C1B434B11EDEA9DB00429C84 /* TASQLLiteManager.swift */,
			);
			path = Model;
			sourceTree = "<group>";
		};
		C1B434A61EDE958400429C84 /* View */ = {
			isa = PBXGroup;
			children = (
			);
			path = View;
			sourceTree = "<group>";
		};
		C1B434A91EDE96EB00429C84 /* Navigation */ = {
			isa = PBXGroup;
			children = (
				C1B434AD1EDE971200429C84 /* TANavigationViewController.swift */,
			);
			path = Navigation;
			sourceTree = "<group>";
		};
		C1B434AA1EDE96FB00429C84 /* Database */ = {
			isa = PBXGroup;
			children = (
				C1B434AB1EDE96FB00429C84 /* TADatabaseMethod.swift */,
			);
			path = Database;
			sourceTree = "<group>";
		};
		C1F39FFC1ED5300C00B6A131 = {
			isa = PBXGroup;
			children = (
				C1F3A0071ED5300C00B6A131 /* TimeAccountingProject */,
				C1F3A0061ED5300C00B6A131 /* Products */,
				D877AC48E3541B24696FFE87 /* Pods */,
				17A9BB20E2C4A36D28BA95BB /* Frameworks */,
			);
			sourceTree = "<group>";
		};
		C1F3A0061ED5300C00B6A131 /* Products */ = {
			isa = PBXGroup;
			children = (
				C1F3A0051ED5300C00B6A131 /* TimeAccountingProject.app */,
			);
			name = Products;
			sourceTree = "<group>";
		};
		C1F3A0071ED5300C00B6A131 /* TimeAccountingProject */ = {
			isa = PBXGroup;
			children = (
				C1F3A0931ED6BF6B00B6A131 /* Main */,
				C1F3A0831ED6BF0600B6A131 /* Classes */,
				C1F3A0861ED6BF0600B6A131 /* General */,
				C1F3A08D1ED6BF0600B6A131 /* GeneralTool */,
				C1F3A08E1ED6BF0600B6A131 /* resource */,
			);
			path = TimeAccountingProject;
			sourceTree = "<group>";
		};
		C1F3A0831ED6BF0600B6A131 /* Classes */ = {
			isa = PBXGroup;
			children = (
				C1B434A31EDE958400429C84 /* TakeNotes */,
				C1F3A0961ED6D2E700B6A131 /* Chart */,
				C1F3A0991ED6D2E700B6A131 /* Home */,
			);
			path = Classes;
			sourceTree = "<group>";
		};
		C1F3A0861ED6BF0600B6A131 /* General */ = {
			isa = PBXGroup;
			children = (
				C1F3A0871ED6BF0600B6A131 /* Base */,
				C1F3A0881ED6BF0600B6A131 /* Categories */,
				C1F3A0891ED6BF0600B6A131 /* Core */,
				C1F3A08A1ED6BF0600B6A131 /* Models */,
				C1F3A08B1ED6BF0600B6A131 /* Public */,
				C1F3A08C1ED6BF0600B6A131 /* Views */,
			);
			path = General;
			sourceTree = "<group>";
		};
		C1F3A0871ED6BF0600B6A131 /* Base */ = {
			isa = PBXGroup;
			children = (
			);
			path = Base;
			sourceTree = "<group>";
		};
		C1F3A0881ED6BF0600B6A131 /* Categories */ = {
			isa = PBXGroup;
			children = (
			);
			path = Categories;
			sourceTree = "<group>";
		};
		C1F3A0891ED6BF0600B6A131 /* Core */ = {
			isa = PBXGroup;
			children = (
				C1B434AA1EDE96FB00429C84 /* Database */,
				C1B434A91EDE96EB00429C84 /* Navigation */,
			);
			path = Core;
			sourceTree = "<group>";
		};
		C1F3A08A1ED6BF0600B6A131 /* Models */ = {
			isa = PBXGroup;
			children = (
			);
			path = Models;
			sourceTree = "<group>";
		};
		C1F3A08B1ED6BF0600B6A131 /* Public */ = {
			isa = PBXGroup;
			children = (
			);
			path = Public;
			sourceTree = "<group>";
		};
		C1F3A08C1ED6BF0600B6A131 /* Views */ = {
			isa = PBXGroup;
			children = (
			);
			path = Views;
			sourceTree = "<group>";
		};
		C1F3A08D1ED6BF0600B6A131 /* GeneralTool */ = {
			isa = PBXGroup;
			children = (
			);
			path = GeneralTool;
			sourceTree = "<group>";
		};
		C1F3A08E1ED6BF0600B6A131 /* resource */ = {
			isa = PBXGroup;
			children = (
				C1F3A0911ED6BF4700B6A131 /* Assets.xcassets */,
			);
			path = resource;
			sourceTree = "<group>";
		};
		C1F3A0931ED6BF6B00B6A131 /* Main */ = {
			isa = PBXGroup;
			children = (
				C1F3A00C1ED5300C00B6A131 /* Main.storyboard */,
				C1F3A0111ED5300C00B6A131 /* LaunchScreen.storyboard */,
				C1F3A0141ED5300C00B6A131 /* Info.plist */,
			);
			path = Main;
			sourceTree = "<group>";
		};
		C1F3A0961ED6D2E700B6A131 /* Chart */ = {
			isa = PBXGroup;
			children = (
				C1B4349C1EDE957F00429C84 /* Controller */,
				C1B4349F1EDE957F00429C84 /* Model */,
				C1B434A01EDE957F00429C84 /* View */,
			);
			path = Chart;
			sourceTree = "<group>";
		};
		C1F3A0991ED6D2E700B6A131 /* Home */ = {
			isa = PBXGroup;
			children = (
				C1F3A0081ED5300C00B6A131 /* AppDelegate.swift */,
			);
			path = Home;
			sourceTree = "<group>";
		};
		D877AC48E3541B24696FFE87 /* Pods */ = {
			isa = PBXGroup;
			children = (
				B8FDCD3AED54E017CC93B882 /* Pods-TimeAccountingProject.debug.xcconfig */,
				9D493BA9E36E27C34841194D /* Pods-TimeAccountingProject.release.xcconfig */,
				17A763D44EEFE19204E717C8 /* Pods-TimeAccountingProjectTests.debug.xcconfig */,
				979B629A8894757F86DCBFC4 /* Pods-TimeAccountingProjectTests.release.xcconfig */,
				D1CE9B02E7363B47AECC06A1 /* Pods-TimeAccountingProjectUITests.debug.xcconfig */,
				83C5B9357C865807E96511FE /* Pods-TimeAccountingProjectUITests.release.xcconfig */,
			);
			name = Pods;
			sourceTree = "<group>";
		};
/* End PBXGroup section */

/* Begin PBXNativeTarget section */
		C1F3A0041ED5300C00B6A131 /* TimeAccountingProject */ = {
			isa = PBXNativeTarget;
			buildConfigurationList = C1F3A02D1ED5300C00B6A131 /* Build configuration list for PBXNativeTarget "TimeAccountingProject" */;
			buildPhases = (
				360F256649FB74F6D83B1D97 /* [CP] Check Pods Manifest.lock */,
				C1F3A0011ED5300C00B6A131 /* Sources */,
				C1F3A0021ED5300C00B6A131 /* Frameworks */,
				C1F3A0031ED5300C00B6A131 /* Resources */,
				5E31C8D88DE9A1E3C163A814 /* [CP] Embed Pods Frameworks */,
				E01747CC7C003179D260842D /* [CP] Copy Pods Resources */,
			);
			buildRules = (
			);
			dependencies = (
			);
			name = TimeAccountingProject;
			productName = TimeAccountingProject;
			productReference = C1F3A0051ED5300C00B6A131 /* TimeAccountingProject.app */;
			productType = "com.apple.product-type.application";
		};
/* End PBXNativeTarget section */

/* Begin PBXProject section */
		C1F39FFD1ED5300C00B6A131 /* Project object */ = {
			isa = PBXProject;
			attributes = {
				LastSwiftUpdateCheck = 0830;
				LastUpgradeCheck = 0830;
				ORGANIZATIONNAME = pxl;
				TargetAttributes = {
					C1F3A0041ED5300C00B6A131 = {
						CreatedOnToolsVersion = 8.3.2;
						DevelopmentTeam = QD82P77WSG;
						LastSwiftMigration = 0830;
						ProvisioningStyle = Automatic;
					};
				};
			};
			buildConfigurationList = C1F3A0001ED5300C00B6A131 /* Build configuration list for PBXProject "TimeAccountingProject" */;
			compatibilityVersion = "Xcode 3.2";
			developmentRegion = English;
			hasScannedForEncodings = 0;
			knownRegions = (
				en,
				Base,
			);
			mainGroup = C1F39FFC1ED5300C00B6A131;
			productRefGroup = C1F3A0061ED5300C00B6A131 /* Products */;
			projectDirPath = "";
			projectRoot = "";
			targets = (
				C1F3A0041ED5300C00B6A131 /* TimeAccountingProject */,
			);
		};
/* End PBXProject section */

/* Begin PBXResourcesBuildPhase section */
		C1F3A0031ED5300C00B6A131 /* Resources */ = {
			isa = PBXResourcesBuildPhase;
			buildActionMask = 2147483647;
			files = (
				C1F3A0131ED5300C00B6A131 /* LaunchScreen.storyboard in Resources */,
				C1B434A21EDE957F00429C84 /* ChartViewController.xib in Resources */,
				C1F3A0921ED6BF4700B6A131 /* Assets.xcassets in Resources */,
				C1F3A00E1ED5300C00B6A131 /* Main.storyboard in Resources */,
			);
			runOnlyForDeploymentPostprocessing = 0;
		};
/* End PBXResourcesBuildPhase section */

/* Begin PBXShellScriptBuildPhase section */
		360F256649FB74F6D83B1D97 /* [CP] Check Pods Manifest.lock */ = {
			isa = PBXShellScriptBuildPhase;
			buildActionMask = 2147483647;
			files = (
			);
			inputPaths = (
			);
			name = "[CP] Check Pods Manifest.lock";
			outputPaths = (
			);
			runOnlyForDeploymentPostprocessing = 0;
			shellPath = /bin/sh;
			shellScript = "diff \"${PODS_ROOT}/../Podfile.lock\" \"${PODS_ROOT}/Manifest.lock\" > /dev/null\nif [ $? != 0 ] ; then\n    # print error to STDERR\n    echo \"error: The sandbox is not in sync with the Podfile.lock. Run 'pod install' or update your CocoaPods installation.\" >&2\n    exit 1\nfi\n";
			showEnvVarsInLog = 0;
		};
		5E31C8D88DE9A1E3C163A814 /* [CP] Embed Pods Frameworks */ = {
			isa = PBXShellScriptBuildPhase;
			buildActionMask = 2147483647;
			files = (
			);
			inputPaths = (
			);
			name = "[CP] Embed Pods Frameworks";
			outputPaths = (
			);
			runOnlyForDeploymentPostprocessing = 0;
			shellPath = /bin/sh;
			shellScript = "\"${SRCROOT}/Pods/Target Support Files/Pods-TimeAccountingProject/Pods-TimeAccountingProject-frameworks.sh\"\n";
			showEnvVarsInLog = 0;
		};
		E01747CC7C003179D260842D /* [CP] Copy Pods Resources */ = {
			isa = PBXShellScriptBuildPhase;
			buildActionMask = 2147483647;
			files = (
			);
			inputPaths = (
			);
			name = "[CP] Copy Pods Resources";
			outputPaths = (
			);
			runOnlyForDeploymentPostprocessing = 0;
			shellPath = /bin/sh;
			shellScript = "\"${SRCROOT}/Pods/Target Support Files/Pods-TimeAccountingProject/Pods-TimeAccountingProject-resources.sh\"\n";
			showEnvVarsInLog = 0;
		};
/* End PBXShellScriptBuildPhase section */

/* Begin PBXSourcesBuildPhase section */
		C1F3A0011ED5300C00B6A131 /* Sources */ = {
			isa = PBXSourcesBuildPhase;
			buildActionMask = 2147483647;
			files = (
				C1B434B21EDEA9DB00429C84 /* TASQLLiteManager.swift in Sources */,
				C1B434A81EDE959E00429C84 /* TakeNotesViewController.swift in Sources */,
				C1B434B01EDEA97100429C84 /* Student.swift in Sources */,
				C1B434A11EDE957F00429C84 /* ChartViewController.swift in Sources */,
				C1B434AC1EDE96FB00429C84 /* TADatabaseMethod.swift in Sources */,
				C1F3A0091ED5300C00B6A131 /* AppDelegate.swift in Sources */,
				C1B434AE1EDE971200429C84 /* TANavigationViewController.swift in Sources */,
			);
			runOnlyForDeploymentPostprocessing = 0;
		};
/* End PBXSourcesBuildPhase section */

/* Begin PBXVariantGroup section */
		C1F3A00C1ED5300C00B6A131 /* Main.storyboard */ = {
			isa = PBXVariantGroup;
			children = (
				C1F3A00D1ED5300C00B6A131 /* Base */,
			);
			name = Main.storyboard;
			path = ..;
			sourceTree = "<group>";
		};
		C1F3A0111ED5300C00B6A131 /* LaunchScreen.storyboard */ = {
			isa = PBXVariantGroup;
			children = (
				C1F3A0121ED5300C00B6A131 /* Base */,
			);
			name = LaunchScreen.storyboard;
			path = ..;
			sourceTree = "<group>";
		};
/* End PBXVariantGroup section */

/* Begin XCBuildConfiguration section */
		C1F3A02B1ED5300C00B6A131 /* Debug */ = {
			isa = XCBuildConfiguration;
			buildSettings = {
				ALWAYS_SEARCH_USER_PATHS = NO;
				CLANG_ANALYZER_NONNULL = YES;
				CLANG_ANALYZER_NUMBER_OBJECT_CONVERSION = YES_AGGRESSIVE;
				CLANG_CXX_LANGUAGE_STANDARD = "gnu++0x";
				CLANG_CXX_LIBRARY = "libc++";
				CLANG_ENABLE_MODULES = YES;
				CLANG_ENABLE_OBJC_ARC = YES;
				CLANG_WARN_BOOL_CONVERSION = YES;
				CLANG_WARN_CONSTANT_CONVERSION = YES;
				CLANG_WARN_DIRECT_OBJC_ISA_USAGE = YES_ERROR;
				CLANG_WARN_DOCUMENTATION_COMMENTS = YES;
				CLANG_WARN_EMPTY_BODY = YES;
				CLANG_WARN_ENUM_CONVERSION = YES;
				CLANG_WARN_INFINITE_RECURSION = YES;
				CLANG_WARN_INT_CONVERSION = YES;
				CLANG_WARN_OBJC_ROOT_CLASS = YES_ERROR;
				CLANG_WARN_SUSPICIOUS_MOVE = YES;
				CLANG_WARN_UNREACHABLE_CODE = YES;
				CLANG_WARN__DUPLICATE_METHOD_MATCH = YES;
				"CODE_SIGN_IDENTITY[sdk=iphoneos*]" = "iPhone Developer";
				COPY_PHASE_STRIP = NO;
				DEBUG_INFORMATION_FORMAT = dwarf;
				ENABLE_STRICT_OBJC_MSGSEND = YES;
				ENABLE_TESTABILITY = YES;
				GCC_C_LANGUAGE_STANDARD = gnu99;
				GCC_DYNAMIC_NO_PIC = NO;
				GCC_NO_COMMON_BLOCKS = YES;
				GCC_OPTIMIZATION_LEVEL = 0;
				GCC_PREPROCESSOR_DEFINITIONS = (
					"DEBUG=1",
					"$(inherited)",
				);
				GCC_WARN_64_TO_32_BIT_CONVERSION = YES;
				GCC_WARN_ABOUT_RETURN_TYPE = YES_ERROR;
				GCC_WARN_UNDECLARED_SELECTOR = YES;
				GCC_WARN_UNINITIALIZED_AUTOS = YES_AGGRESSIVE;
				GCC_WARN_UNUSED_FUNCTION = YES;
				GCC_WARN_UNUSED_VARIABLE = YES;
				IPHONEOS_DEPLOYMENT_TARGET = 10.3;
				MTL_ENABLE_DEBUG_INFO = YES;
				ONLY_ACTIVE_ARCH = YES;
				SDKROOT = iphoneos;
				SWIFT_ACTIVE_COMPILATION_CONDITIONS = DEBUG;
				SWIFT_OPTIMIZATION_LEVEL = "-Onone";
			};
			name = Debug;
		};
		C1F3A02C1ED5300C00B6A131 /* Release */ = {
			isa = XCBuildConfiguration;
			buildSettings = {
				ALWAYS_SEARCH_USER_PATHS = NO;
				CLANG_ANALYZER_NONNULL = YES;
				CLANG_ANALYZER_NUMBER_OBJECT_CONVERSION = YES_AGGRESSIVE;
				CLANG_CXX_LANGUAGE_STANDARD = "gnu++0x";
				CLANG_CXX_LIBRARY = "libc++";
				CLANG_ENABLE_MODULES = YES;
				CLANG_ENABLE_OBJC_ARC = YES;
				CLANG_WARN_BOOL_CONVERSION = YES;
				CLANG_WARN_CONSTANT_CONVERSION = YES;
				CLANG_WARN_DIRECT_OBJC_ISA_USAGE = YES_ERROR;
				CLANG_WARN_DOCUMENTATION_COMMENTS = YES;
				CLANG_WARN_EMPTY_BODY = YES;
				CLANG_WARN_ENUM_CONVERSION = YES;
				CLANG_WARN_INFINITE_RECURSION = YES;
				CLANG_WARN_INT_CONVERSION = YES;
				CLANG_WARN_OBJC_ROOT_CLASS = YES_ERROR;
				CLANG_WARN_SUSPICIOUS_MOVE = YES;
				CLANG_WARN_UNREACHABLE_CODE = YES;
				CLANG_WARN__DUPLICATE_METHOD_MATCH = YES;
				"CODE_SIGN_IDENTITY[sdk=iphoneos*]" = "iPhone Developer";
				COPY_PHASE_STRIP = NO;
				DEBUG_INFORMATION_FORMAT = "dwarf-with-dsym";
				ENABLE_NS_ASSERTIONS = NO;
				ENABLE_STRICT_OBJC_MSGSEND = YES;
				GCC_C_LANGUAGE_STANDARD = gnu99;
				GCC_NO_COMMON_BLOCKS = YES;
				GCC_WARN_64_TO_32_BIT_CONVERSION = YES;
				GCC_WARN_ABOUT_RETURN_TYPE = YES_ERROR;
				GCC_WARN_UNDECLARED_SELECTOR = YES;
				GCC_WARN_UNINITIALIZED_AUTOS = YES_AGGRESSIVE;
				GCC_WARN_UNUSED_FUNCTION = YES;
				GCC_WARN_UNUSED_VARIABLE = YES;
				IPHONEOS_DEPLOYMENT_TARGET = 10.3;
				MTL_ENABLE_DEBUG_INFO = NO;
				SDKROOT = iphoneos;
				SWIFT_OPTIMIZATION_LEVEL = "-Owholemodule";
				VALIDATE_PRODUCT = YES;
			};
			name = Release;
		};
		C1F3A02E1ED5300C00B6A131 /* Debug */ = {
			isa = XCBuildConfiguration;
			baseConfigurationReference = B8FDCD3AED54E017CC93B882 /* Pods-TimeAccountingProject.debug.xcconfig */;
			buildSettings = {
				ASSETCATALOG_COMPILER_APPICON_NAME = AppIcon;
				CLANG_ENABLE_MODULES = YES;
				DEVELOPMENT_TEAM = QD82P77WSG;
				INFOPLIST_FILE = TimeAccountingProject/Info.plist;
				IPHONEOS_DEPLOYMENT_TARGET = 9.0;
				LD_RUNPATH_SEARCH_PATHS = "$(inherited) @executable_path/Frameworks";
				PRODUCT_BUNDLE_IDENTIFIER = com.rocfly.TimeAccountingProject;
				PRODUCT_NAME = "$(TARGET_NAME)";
				SWIFT_OPTIMIZATION_LEVEL = "-Onone";
				SWIFT_VERSION = 3.0;
			};
			name = Debug;
		};
		C1F3A02F1ED5300C00B6A131 /* Release */ = {
			isa = XCBuildConfiguration;
			baseConfigurationReference = 9D493BA9E36E27C34841194D /* Pods-TimeAccountingProject.release.xcconfig */;
			buildSettings = {
				ASSETCATALOG_COMPILER_APPICON_NAME = AppIcon;
				CLANG_ENABLE_MODULES = YES;
				DEVELOPMENT_TEAM = QD82P77WSG;
				INFOPLIST_FILE = TimeAccountingProject/Info.plist;
				IPHONEOS_DEPLOYMENT_TARGET = 9.0;
				LD_RUNPATH_SEARCH_PATHS = "$(inherited) @executable_path/Frameworks";
				PRODUCT_BUNDLE_IDENTIFIER = com.rocfly.TimeAccountingProject;
				PRODUCT_NAME = "$(TARGET_NAME)";
				SWIFT_VERSION = 3.0;
			};
			name = Release;
		};
/* End XCBuildConfiguration section */

/* Begin XCConfigurationList section */
		C1F3A0001ED5300C00B6A131 /* Build configuration list for PBXProject "TimeAccountingProject" */ = {
			isa = XCConfigurationList;
			buildConfigurations = (
				C1F3A02B1ED5300C00B6A131 /* Debug */,
				C1F3A02C1ED5300C00B6A131 /* Release */,
			);
			defaultConfigurationIsVisible = 0;
			defaultConfigurationName = Release;
		};
		C1F3A02D1ED5300C00B6A131 /* Build configuration list for PBXNativeTarget "TimeAccountingProject" */ = {
			isa = XCConfigurationList;
			buildConfigurations = (
				C1F3A02E1ED5300C00B6A131 /* Debug */,
				C1F3A02F1ED5300C00B6A131 /* Release */,
			);
			defaultConfigurationIsVisible = 0;
			defaultConfigurationName = Release;
		};
/* End XCConfigurationList section */
	};
	rootObject = C1F39FFD1ED5300C00B6A131 /* Project object */;
}
